
Microsoft Visual Studio Solution File, Format Version 12.00
# Visual Studio Version 16
VisualStudioVersion = 16.0.31112.23
MinimumVisualStudioVersion = 10.0.40219.1
Project("{FAE04EC0-301F-11D3-BF4B-00C04F79EFBC}") = "BitmapGenerator", "BitmapGenerator\BitmapGenerator.csproj", "{AE005949-3948-4E38-ADEB-E494A1C96211}"
EndProject
Project("{FAE04EC0-301F-11D3-BF4B-00C04F79EFBC}") = "BitmapGenerator.test", "BitmapGenerator.test\BitmapGenerator.test.csproj", "{6F86656C-D86F-44DD-8A5D-EEB43F21ECE4}"
EndProject
Global
	GlobalSection(SolutionConfigurationPlatforms) = preSolution
		Debug|Any CPU = Debug|Any CPU
		Release|Any CPU = Release|Any CPU
	EndGlobalSection
	GlobalSection(ProjectConfigurationPlatforms) = postSolution
		{AE005949-3948-4E38-ADEB-E494A1C96211}.Debug|Any CPU.ActiveCfg = Debug|Any CPU
		{AE005949-3948-4E38-ADEB-E494A1C96211}.Debug|Any CPU.Build.0 = Debug|Any CPU
		{AE005949-3948-4E38-ADEB-E494A1C96211}.Release|Any CPU.ActiveCfg = Release|Any CPU
		{AE005949-3948-4E38-ADEB-E494A1C96211}.Release|Any CPU.Build.0 = Release|Any CPU
		{6F86656C-D86F-44DD-8A5D-EEB43F21ECE4}.Debug|Any CPU.ActiveCfg = Debug|Any CPU
		{6F86656C-D86F-44DD-8A5D-EEB43F21ECE4}.Debug|Any CPU.Build.0 = Debug|Any CPU
		{6F86656C-D86F-44DD-8A5D-EEB43F21ECE4}.Release|Any CPU.ActiveCfg = Release|Any CPU
		{6F86656C-D86F-44DD-8A5D-EEB43F21ECE4}.Release|Any CPU.Build.0 = Release|Any CPU
	EndGlobalSection
	GlobalSection(SolutionProperties) = preSolution
		HideSolutionNode = FALSE
	EndGlobalSection
	GlobalSection(ExtensibilityGlobals) = postSolution
		SolutionGuid = {18ADD180-B30C-4706-9493-BE8CFDBA2DC5}
	EndGlobalSection
EndGlobal
